
Microsoft Visual Studio Solution File, Format Version 12.00
# Visual Studio Version 17
VisualStudioVersion = 17.1.32328.378
MinimumVisualStudioVersion = 10.0.40219.1
Project("{FAE04EC0-301F-11D3-BF4B-00C04F79EFBC}") = "LinqToDataTableDemo", "LinqToDataTableDemo.csproj", "{DED0520C-BBDA-457E-8440-3D303E0C717C}"
EndProject
Project("{FAE04EC0-301F-11D3-BF4B-00C04F79EFBC}") = "ProductReviewManagementWithLinq", "..\ProductReviewManagementWithLinq\ProductReviewManagementWithLinq.csproj", "{C471D0E2-C865-4EB8-877D-B8B4ABE9C209}"
EndProject
Global
	GlobalSection(SolutionConfigurationPlatforms) = preSolution
		Debug|Any CPU = Debug|Any CPU
		Release|Any CPU = Release|Any CPU
	EndGlobalSection
	GlobalSection(ProjectConfigurationPlatforms) = postSolution
		{DED0520C-BBDA-457E-8440-3D303E0C717C}.Debug|Any CPU.ActiveCfg = Debug|Any CPU
		{DED0520C-BBDA-457E-8440-3D303E0C717C}.Debug|Any CPU.Build.0 = Debug|Any CPU
		{DED0520C-BBDA-457E-8440-3D303E0C717C}.Release|Any CPU.ActiveCfg = Release|Any CPU
		{DED0520C-BBDA-457E-8440-3D303E0C717C}.Release|Any CPU.Build.0 = Release|Any CPU
		{C471D0E2-C865-4EB8-877D-B8B4ABE9C209}.Debug|Any CPU.ActiveCfg = Debug|Any CPU
		{C471D0E2-C865-4EB8-877D-B8B4ABE9C209}.Debug|Any CPU.Build.0 = Debug|Any CPU
		{C471D0E2-C865-4EB8-877D-B8B4ABE9C209}.Release|Any CPU.ActiveCfg = Release|Any CPU
		{C471D0E2-C865-4EB8-877D-B8B4ABE9C209}.Release|Any CPU.Build.0 = Release|Any CPU
	EndGlobalSection
	GlobalSection(SolutionProperties) = preSolution
		HideSolutionNode = FALSE
	EndGlobalSection
	GlobalSection(ExtensibilityGlobals) = postSolution
		SolutionGuid = {96FE33AB-523C-4BFF-8784-00E1D09DE61E}
	EndGlobalSection
EndGlobal
